
Microsoft Visual Studio Solution File, Format Version 12.00
# Visual Studio Version 17
VisualStudioVersion = 17.10.35027.167
MinimumVisualStudioVersion = 10.0.40219.1
Project("{FAE04EC0-301F-11D3-BF4B-00C04F79EFBC}") = "Симулятор простого рестарана 5", "Симулятор простого рестарана 5.csproj", "{CEB5763D-D7A0-4FB0-8B8B-33E813ED312C}"
EndProject
Global
	GlobalSection(SolutionConfigurationPlatforms) = preSolution
		Debug|Any CPU = Debug|Any CPU
		Release|Any CPU = Release|Any CPU
	EndGlobalSection
	GlobalSection(ProjectConfigurationPlatforms) = postSolution
		{CEB5763D-D7A0-4FB0-8B8B-33E813ED312C}.Debug|Any CPU.ActiveCfg = Debug|Any CPU
		{CEB5763D-D7A0-4FB0-8B8B-33E813ED312C}.Debug|Any CPU.Build.0 = Debug|Any CPU
		{CEB5763D-D7A0-4FB0-8B8B-33E813ED312C}.Release|Any CPU.ActiveCfg = Release|Any CPU
		{CEB5763D-D7A0-4FB0-8B8B-33E813ED312C}.Release|Any CPU.Build.0 = Release|Any CPU
	EndGlobalSection
	GlobalSection(SolutionProperties) = preSolution
		HideSolutionNode = FALSE
	EndGlobalSection
	GlobalSection(ExtensibilityGlobals) = postSolution
		SolutionGuid = {2C84B747-D62D-44BE-A68F-8C1F338F4A0E}
	EndGlobalSection
EndGlobal
